<?xml version="1.0" encoding="UTF-8"?>
<Scheme
   LastUpgradeVersion = "0820"
   version = "1.3">
   <BuildAction
      parallelizeBuildables = "YES"
      buildImplicitDependencies = "YES">
      <BuildActionEntries>
         <BuildActionEntry
            buildForTesting = "YES"
            buildForRunning = "YES"
            buildForProfiling = "YES"
            buildForArchiving = "YES"
            buildForAnalyzing = "YES">
            <BuildableReference
               BuildableIdentifier = "primary"
               BlueprintIdentifier = "2FBBEAD608F335360078DB84"
               BuildableName = "cm.2pcs.mxo"
               BlueprintName = "max-external"
               ReferencedContainer = "container:cm.2pcs.xcodeproj">
            </BuildableReference>
         </BuildActionEntry>
         <BuildActionEntry
            buildForTesting = "YES"
            buildForRunning = "YES"
            buildForProfiling = "YES"
            buildForArchiving = "YES"
            buildForAnalyzing = "YES">
            <BuildableReference
               BuildableIdentifier = "primary"
               BlueprintIdentifier = "2FBBEAD608F335360078DB84"
               BuildableName = "cm.ana.mxo"
               BlueprintName = "max-external"
               ReferencedContainer = "container:../cm.ana/cm.ana.xcodeproj">
            </BuildableReference>
         </BuildActionEntry>
         <BuildActionEntry
            buildForTesting = "YES"
            buildForRunning = "YES"
            buildForProfiling = "YES"
            buildForArchiving = "YES"
            buildForAnalyzing = "YES">
            <BuildableReference
               BuildableIdentifier = "primary"
               BlueprintIdentifier = "2FBBEAD608F335360078DB84"
               BuildableName = "cm.maker.mxo"
               BlueprintName = "max-external"
               ReferencedContainer = "container:../cm.maker/cm.maker.xcodeproj">
            </BuildableReference>
         </BuildActionEntry>
         <BuildActionEntry
            buildForTesting = "YES"
            buildForRunning = "YES"
            buildForProfiling = "YES"
            buildForArchiving = "YES"
            buildForAnalyzing = "YES">
            <BuildableReference
               BuildableIdentifier = "primary"
               BlueprintIdentifier = "2FBBEAD608F335360078DB84"
               BuildableName = "cm.opcy.mxo"
               BlueprintName = "max-external"
               ReferencedContainer = "container:../cm.opcy/cm.opcy.xcodeproj">
            </BuildableReference>
         </BuildActionEntry>
         <BuildActionEntry
            buildForTesting = "YES"
            buildForRunning = "YES"
            buildForProfiling = "YES"
            buildForArchiving = "YES"
            buildForAnalyzing = "YES">
            <BuildableReference
               BuildableIdentifier = "primary"
               BlueprintIdentifier = "2FBBEAD608F335360078DB84"
               BuildableName = "cm.print.mxo"
               BlueprintName = "max-external"
               ReferencedContainer = "container:../cm.print/cm.print.xcodeproj">
            </BuildableReference>
         </BuildActionEntry>
         <BuildActionEntry
            buildForTesting = "YES"
            buildForRunning = "YES"
            buildForProfiling = "YES"
            buildForArchiving = "YES"
            buildForAnalyzing = "YES">
            <BuildableReference
               BuildableIdentifier = "primary"
               BlueprintIdentifier = "2FBBEAD608F335360078DB84"
               BuildableName = "cm.read.mxo"
               BlueprintName = "max-external"
               ReferencedContainer = "container:../cm.read/cm.read.xcodeproj">
            </BuildableReference>
         </BuildActionEntry>
         <BuildActionEntry
            buildForTesting = "YES"
            buildForRunning = "YES"
            buildForProfiling = "YES"
            buildForArchiving = "YES"
            buildForAnalyzing = "YES">
            <BuildableReference
               BuildableIdentifier = "primary"
               BlueprintIdentifier = "2FBBEAD608F335360078DB84"
               BuildableName = "cm.roman.mxo"
               BlueprintName = "max-external"
               ReferencedContainer = "container:../cm.roman/cm.roman.xcodeproj">
            </BuildableReference>
         </BuildActionEntry>
         <BuildActionEntry
            buildForTesting = "YES"
            buildForRunning = "YES"
            buildForProfiling = "YES"
            buildForArchiving = "YES"
            buildForAnalyzing = "YES">
            <BuildableReference
               BuildableIdentifier = "primary"
               BlueprintIdentifier = "2FBBEAD608F335360078DB84"
               BuildableName = "cm.store.mxo"
               BlueprintName = "max-external"
               ReferencedContainer = "container:../cm.store/cm.store.xcodeproj">
            </BuildableReference>
         </BuildActionEntry>
         <BuildActionEntry
            buildForTesting = "YES"
            buildForRunning = "YES"
            buildForProfiling = "YES"
            buildForArchiving = "YES"
            buildForAnalyzing = "YES">
            <BuildableReference
               BuildableIdentifier = "primary"
               BlueprintIdentifier = "2FBBEAD608F335360078DB84"
               BuildableName = "cm.t1a.mxo"
               BlueprintName = "max-external"
               ReferencedContainer = "container:../cm.t1a/cm.t1a.xcodeproj">
            </BuildableReference>
         </BuildActionEntry>
         <BuildActionEntry
            buildForTesting = "YES"
            buildForRunning = "YES"
            buildForProfiling = "YES"
            buildForArchiving = "YES"
            buildForAnalyzing = "YES">
            <BuildableReference
               BuildableIdentifier = "primary"
               BlueprintIdentifier = "2FBBEAD608F335360078DB84"
               BuildableName = "cm.t1b.mxo"
               BlueprintName = "max-external"
               ReferencedContainer = "container:../cm.t1b/cm.t1b.xcodeproj">
            </BuildableReference>
         </BuildActionEntry>
         <BuildActionEntry
            buildForTesting = "YES"
            buildForRunning = "YES"
            buildForProfiling = "YES"
            buildForArchiving = "YES"
            buildForAnalyzing = "YES">
            <BuildableReference
               BuildableIdentifier = "primary"
               BlueprintIdentifier = "2FBBEAD608F335360078DB84"
               BuildableName = "cm.t2.mxo"
               BlueprintName = "max-external"
               ReferencedContainer = "container:../cm.t2/cm.t2.xcodeproj">
            </BuildableReference>
         </BuildActionEntry>
         <BuildActionEntry
            buildForTesting = "YES"
            buildForRunning = "YES"
            buildForProfiling = "YES"
            buildForArchiving = "YES"
            buildForAnalyzing = "YES">
            <BuildableReference
               BuildableIdentifier = "primary"
               BlueprintIdentifier = "2FBBEAD608F335360078DB84"
               BuildableName = "cm.trans.mxo"
               BlueprintName = "max-external"
               ReferencedContainer = "container:../cm.trans/cm.trans.xcodeproj">
            </BuildableReference>
         </BuildActionEntry>
         <BuildActionEntry
            buildForTesting = "YES"
            buildForRunning = "YES"
            buildForProfiling = "YES"
            buildForArchiving = "YES"
            buildForAnalyzing = "YES">
            <BuildableReference
               BuildableIdentifier = "primary"
               BlueprintIdentifier = "2FBBEAD608F335360078DB84"
               BuildableName = "cm.ttog.mxo"
               BlueprintName = "max-external"
               ReferencedContainer = "container:../cm.ttog/cm.ttog.xcodeproj">
            </BuildableReference>
         </BuildActionEntry>
         <BuildActionEntry
            buildForTesting = "YES"
            buildForRunning = "YES"
            buildForProfiling = "YES"
            buildForArchiving = "YES"
            buildForAnalyzing = "YES">
            <BuildableReference
               BuildableIdentifier = "primary"
               BlueprintIdentifier = "2FBBEAD608F335360078DB84"
               BuildableName = "pcs.chain.mxo"
               BlueprintName = "max-external"
               ReferencedContainer = "container:../pcs.chain/pcs.chain.xcodeproj">
            </BuildableReference>
         </BuildActionEntry>
         <BuildActionEntry
            buildForTesting = "YES"
            buildForRunning = "YES"
            buildForProfiling = "YES"
            buildForArchiving = "YES"
            buildForAnalyzing = "YES">
            <BuildableReference
               BuildableIdentifier = "primary"
               BlueprintIdentifier = "2FBBEAD608F335360078DB84"
               BuildableName = "pcs.invar.mxo"
               BlueprintName = "max-external"
               ReferencedContainer = "container:../pcs.invar/pcs.invar.xcodeproj">
            </BuildableReference>
         </BuildActionEntry>
         <BuildActionEntry
            buildForTesting = "YES"
            buildForRunning = "YES"
            buildForProfiling = "YES"
            buildForArchiving = "YES"
            buildForAnalyzing = "YES">
            <BuildableReference
               BuildableIdentifier = "primary"
               BlueprintIdentifier = "2FBBEAD608F335360078DB84"
               BuildableName = "pcs.kh.mxo"
               BlueprintName = "max-external"
               ReferencedContainer = "container:../pcs.kh/pcs.kh.xcodeproj">
            </BuildableReference>
         </BuildActionEntry>
         <BuildActionEntry
            buildForTesting = "YES"
            buildForRunning = "YES"
            buildForProfiling = "YES"
            buildForArchiving = "YES"
            buildForAnalyzing = "YES">
            <BuildableReference
               BuildableIdentifier = "primary"
               BlueprintIdentifier = "2FBBEAD608F335360078DB84"
               BuildableName = "pcs.parts.mxo"
               BlueprintName = "max-external"
               ReferencedContainer = "container:../pcs.parts/pcs.parts.xcodeproj">
            </BuildableReference>
         </BuildActionEntry>
         <BuildActionEntry
            buildForTesting = "YES"
            buildForRunning = "YES"
            buildForProfiling = "YES"
            buildForArchiving = "YES"
            buildForAnalyzing = "YES">
            <BuildableReference
               BuildableIdentifier = "primary"
               BlueprintIdentifier = "2FBBEAD608F335360078DB84"
               BuildableName = "pcs.perm.mxo"
               BlueprintName = "max-external"
               ReferencedContainer = "container:../pcs.perm/pcs.perm.xcodeproj">
            </BuildableReference>
         </BuildActionEntry>
         <BuildActionEntry
            buildForTesting = "YES"
            buildForRunning = "YES"
            buildForProfiling = "YES"
            buildForArchiving = "YES"
            buildForAnalyzing = "YES">
            <BuildableReference
               BuildableIdentifier = "primary"
               BlueprintIdentifier = "2FBBEAD608F335360078DB84"
               BuildableName = "pcs.pf.mxo"
               BlueprintName = "max-external"
               ReferencedContainer = "container:../pcs.pf/pcs.pf.xcodeproj">
            </BuildableReference>
         </BuildActionEntry>
         <BuildActionEntry
            buildForTesting = "YES"
            buildForRunning = "YES"
            buildForProfiling = "YES"
            buildForArchiving = "YES"
            buildForAnalyzing = "YES">
            <BuildableReference
               BuildableIdentifier = "primary"
               BlueprintIdentifier = "2FBBEAD608F335360078DB84"
               BuildableName = "pcs.print.mxo"
               BlueprintName = "max-external"
               ReferencedContainer = "container:../pcs.print/pcs.print.xcodeproj">
            </BuildableReference>
         </BuildActionEntry>
         <BuildActionEntry
            buildForTesting = "YES"
            buildForRunning = "YES"
            buildForProfiling = "YES"
            buildForArchiving = "YES"
            buildForAnalyzing = "YES">
            <BuildableReference
               BuildableIdentifier = "primary"
               BlueprintIdentifier = "2FBBEAD608F335360078DB84"
               BuildableName = "pcs.read.mxo"
               BlueprintName = "max-external"
               ReferencedContainer = "container:../pcs.read/pcs.read.xcodeproj">
            </BuildableReference>
         </BuildActionEntry>
         <BuildActionEntry
            buildForTesting = "YES"
            buildForRunning = "YES"
            buildForProfiling = "YES"
            buildForArchiving = "YES"
            buildForAnalyzing = "YES">
            <BuildableReference
               BuildableIdentifier = "primary"
               BlueprintIdentifier = "2FBBEAD608F335360078DB84"
               BuildableName = "pcs.sim.mxo"
               BlueprintName = "max-external"
               ReferencedContainer = "container:../pcs.sim/pcs.sim.xcodeproj">
            </BuildableReference>
         </BuildActionEntry>
         <BuildActionEntry
            buildForTesting = "YES"
            buildForRunning = "YES"
            buildForProfiling = "YES"
            buildForArchiving = "YES"
            buildForAnalyzing = "YES">
            <BuildableReference
               BuildableIdentifier = "primary"
               BlueprintIdentifier = "2FBBEAD608F335360078DB84"
               BuildableName = "pcs.store.mxo"
               BlueprintName = "max-external"
               ReferencedContainer = "container:../pcs.store/pcs.store.xcodeproj">
            </BuildableReference>
         </BuildActionEntry>
         <BuildActionEntry
            buildForTesting = "YES"
            buildForRunning = "YES"
            buildForProfiling = "YES"
            buildForArchiving = "YES"
            buildForAnalyzing = "YES">
            <BuildableReference
               BuildableIdentifier = "primary"
               BlueprintIdentifier = "2FBBEAD608F335360078DB84"
               BuildableName = "pcs.subs.mxo"
               BlueprintName = "max-external"
               ReferencedContainer = "container:../pcs.subs/pcs.subs.xcodeproj">
            </BuildableReference>
         </BuildActionEntry>
         <BuildActionEntry
            buildForTesting = "YES"
            buildForRunning = "YES"
            buildForProfiling = "YES"
            buildForArchiving = "YES"
            buildForAnalyzing = "YES">
            <BuildableReference
               BuildableIdentifier = "primary"
               BlueprintIdentifier = "2FBBEAD608F335360078DB84"
               BuildableName = "pcs.ttos.mxo"
               BlueprintName = "max-external"
               ReferencedContainer = "container:../pcs.ttos/pcs.ttos.xcodeproj">
            </BuildableReference>
         </BuildActionEntry>
         <BuildActionEntry
            buildForTesting = "YES"
            buildForRunning = "YES"
            buildForProfiling = "YES"
            buildForArchiving = "YES"
            buildForAnalyzing = "YES">
            <BuildableReference
               BuildableIdentifier = "primary"
               BlueprintIdentifier = "2FBBEAD608F335360078DB84"
               BuildableName = "pcs.write.mxo"
               BlueprintName = "max-external"
               ReferencedContainer = "container:../pcs.write/pcs.write.xcodeproj">
            </BuildableReference>
         </BuildActionEntry>
         <BuildActionEntry
            buildForTesting = "YES"
            buildForRunning = "YES"
            buildForProfiling = "YES"
            buildForArchiving = "YES"
            buildForAnalyzing = "YES">
            <BuildableReference
               BuildableIdentifier = "primary"
               BlueprintIdentifier = "2FBBEAD608F335360078DB84"
               BuildableName = "pcs.zmate.mxo"
               BlueprintName = "max-external"
               ReferencedContainer = "container:../pcs.zmate/pcs.zmate.xcodeproj">
            </BuildableReference>
         </BuildActionEntry>
      </BuildActionEntries>
   </BuildAction>
   <TestAction
      buildConfiguration = "Development"
      selectedDebuggerIdentifier = "Xcode.DebuggerFoundation.Debugger.LLDB"
      selectedLauncherIdentifier = "Xcode.DebuggerFoundation.Launcher.LLDB"
      shouldUseLaunchSchemeArgsEnv = "YES">
      <Testables>
      </Testables>
      <MacroExpansion>
         <BuildableReference
            BuildableIdentifier = "primary"
            BlueprintIdentifier = "2FBBEAD608F335360078DB84"
            BuildableName = "cm.2pcs.mxo"
            BlueprintName = "max-external"
            ReferencedContainer = "container:cm.2pcs.xcodeproj">
         </BuildableReference>
      </MacroExpansion>
      <AdditionalOptions>
      </AdditionalOptions>
   </TestAction>
   <LaunchAction
      buildConfiguration = "Development"
      selectedDebuggerIdentifier = "Xcode.DebuggerFoundation.Debugger.LLDB"
      selectedLauncherIdentifier = "Xcode.DebuggerFoundation.Launcher.LLDB"
      launchStyle = "0"
      useCustomWorkingDirectory = "NO"
      ignoresPersistentStateOnLaunch = "NO"
      debugDocumentVersioning = "YES"
      debugServiceExtension = "internal"
      allowLocationSimulation = "YES">
      <MacroExpansion>
         <BuildableReference
            BuildableIdentifier = "primary"
            BlueprintIdentifier = "2FBBEAD608F335360078DB84"
            BuildableName = "cm.2pcs.mxo"
            BlueprintName = "max-external"
            ReferencedContainer = "container:cm.2pcs.xcodeproj">
         </BuildableReference>
      </MacroExpansion>
      <AdditionalOptions>
      </AdditionalOptions>
   </LaunchAction>
   <ProfileAction
      buildConfiguration = "Deployment"
      shouldUseLaunchSchemeArgsEnv = "YES"
      savedToolIdentifier = ""
      useCustomWorkingDirectory = "NO"
      debugDocumentVersioning = "YES">
      <MacroExpansion>
         <BuildableReference
            BuildableIdentifier = "primary"
            BlueprintIdentifier = "2FBBEAD608F335360078DB84"
            BuildableName = "cm.2pcs.mxo"
            BlueprintName = "max-external"
            ReferencedContainer = "container:cm.2pcs.xcodeproj">
         </BuildableReference>
      </MacroExpansion>
   </ProfileAction>
   <AnalyzeAction
      buildConfiguration = "Development">
   </AnalyzeAction>
   <ArchiveAction
      buildConfiguration = "Deployment"
      revealArchiveInOrganizer = "YES">
   </ArchiveAction>
</Scheme>
